
Microsoft Visual Studio Solution File, Format Version 12.00
# Visual Studio Version 16
VisualStudioVersion = 16.0.29201.188
MinimumVisualStudioVersion = 10.0.40219.1
Project("{FAE04EC0-301F-11D3-BF4B-00C04F79EFBC}") = "Credible", "Credible\Credible.csproj", "{822F4AB1-5DA4-4A68-BF3C-FCED1CDC1CCF}"
EndProject
Global
	GlobalSection(SolutionConfigurationPlatforms) = preSolution
		Debug|Any CPU = Debug|Any CPU
		Release|Any CPU = Release|Any CPU
	EndGlobalSection
	GlobalSection(ProjectConfigurationPlatforms) = postSolution
		{822F4AB1-5DA4-4A68-BF3C-FCED1CDC1CCF}.Debug|Any CPU.ActiveCfg = Debug|Any CPU
		{822F4AB1-5DA4-4A68-BF3C-FCED1CDC1CCF}.Debug|Any CPU.Build.0 = Debug|Any CPU
		{822F4AB1-5DA4-4A68-BF3C-FCED1CDC1CCF}.Release|Any CPU.ActiveCfg = Release|Any CPU
		{822F4AB1-5DA4-4A68-BF3C-FCED1CDC1CCF}.Release|Any CPU.Build.0 = Release|Any CPU
	EndGlobalSection
	GlobalSection(SolutionProperties) = preSolution
		HideSolutionNode = FALSE
	EndGlobalSection
	GlobalSection(ExtensibilityGlobals) = postSolution
		SolutionGuid = {A3F6889C-43E3-456D-A4CC-72EFCC7672A6}
	EndGlobalSection
EndGlobal
